
PODS:
- AFNetworking (1.0RC1)
- BlocksKit (1.8.0):
  - libffi
- DDProgressView (0.1)
- DTCoreText (1.0.2)
- MJPopupViewController (0.3)
- Nimbus/AttributedLabel (0.9.3):
  - Nimbus/Core
- Nimbus/Core (0.9.3)
- Nimbus/Models (0.9.3):
  - Nimbus/Core
- Nimbus/NetworkControllers (0.9.3):
  - Nimbus/Core
- Nimbus/Overview (0.9.3):
  - Nimbus/Core
- Nimbus/PagingScrollView (0.9.3):
  - Nimbus/Core
- Nimbus/Photos (0.9.3):
  - Nimbus/Core
  - Nimbus/PagingScrollView
- Nimbus/WebController (0.9.3):
  - Nimbus/Core
- SDURLCache (1.2)
- SVProgressHUD (0.7)
- iCarousel (1.7.2)
- libffi (3.0.11)

DEPENDENCIES:
- AFNetworking (= 1.0RC1)
- BlocksKit
- DDProgressView
- DTCoreText
- MJPopupViewController
- Nimbus/AttributedLabel (= 0.9.3)
- Nimbus/Core (= 0.9.3)
- Nimbus/Models (= 0.9.3)
- Nimbus/NetworkControllers (= 0.9.3)
- Nimbus/Overview (= 0.9.3)
- Nimbus/PagingScrollView (= 0.9.3)
- Nimbus/Photos (= 0.9.3)
- Nimbus/WebController (= 0.9.3)
- SDURLCache
- SVProgressHUD (= 0.7)
- iCarousel

SPEC CHECKSUMS:
  AFNetworking: b21c1252d437fd322e7db1caa93b163d76a362cb
  BlocksKit: 4b6039288115dda2240526e6d1e45bfe28003ef1
  DDProgressView: 6dd7fa77900e3dc140b816dddc5616382c124b54
  DTCoreText: 4f2b9d62554c62dd7cd412c9f50ece1e70a548b9
  MJPopupViewController: b16cf4fdf53fef2c361bb33c0be0ec8ee5527720
  Nimbus/AttributedLabel: 6a35688977607cda01be9027699a9e64bd08fb99
  Nimbus/Core: 6a35688977607cda01be9027699a9e64bd08fb99
  Nimbus/Models: 6a35688977607cda01be9027699a9e64bd08fb99
  Nimbus/NetworkControllers: 6a35688977607cda01be9027699a9e64bd08fb99
  Nimbus/Overview: 6a35688977607cda01be9027699a9e64bd08fb99
  Nimbus/PagingScrollView: 6a35688977607cda01be9027699a9e64bd08fb99
  Nimbus/Photos: 6a35688977607cda01be9027699a9e64bd08fb99
  Nimbus/WebController: 6a35688977607cda01be9027699a9e64bd08fb99
  SDURLCache: 2208f93474756c694eed002fa7e3ab62ff3c6468
  SVProgressHUD: f37a38ee4d9f9a8d57f2f22c702f994ecc59a364
  iCarousel: 9786dc44e3fe4fb1d143db83443cfa7794687a49
  libffi: 8a1d9ba43c0c84b546b42c6f742714e73aa07ae1

COCOAPODS: 0.15.2
